{
  "name": "stateless-mcp-demo",
  "version": "1.0.0",
  "lockfileVersion": 3,
  "requires": true,
  "packages": {
    "": {
      "name": "stateless-mcp-demo",
      "version": "1.0.0",
      "license": "ISC",
      "workspaces": [
        "packages/mcp-client",
        "packages/mcp-server"
      ]
    },
    "node_modules/mcp-client": {
      "resolved": "packages/mcp-client",
      "link": true
    },
    "node_modules/mcp-server": {
      "resolved": "packages/mcp-server",
      "link": true
    },
    "packages/mcp-client": {
      "version": "1.0.0",
      "license": "ISC"
    },
    "packages/mcp-server": {
      "version": "1.0.0",
      "license": "ISC",
      "devDependencies": {}
    }
  }
}
